
Microsoft Visual Studio Solution File, Format Version 12.00
# Visual Studio Version 16
VisualStudioVersion = 16.0.30717.126
MinimumVisualStudioVersion = 10.0.40219.1
Project("{FAE04EC0-301F-11D3-BF4B-00C04F79EFBC}") = "Olion_serialisointi_AUTE19SA", "Olion_serialisointi_AUTE19SA\Olion_serialisointi_AUTE19SA.csproj", "{E9501C81-88A8-43AB-9CD3-89AAA7B267B2}"
EndProject
Global
	GlobalSection(SolutionConfigurationPlatforms) = preSolution
		Debug|Any CPU = Debug|Any CPU
		Release|Any CPU = Release|Any CPU
	EndGlobalSection
	GlobalSection(ProjectConfigurationPlatforms) = postSolution
		{E9501C81-88A8-43AB-9CD3-89AAA7B267B2}.Debug|Any CPU.ActiveCfg = Debug|Any CPU
		{E9501C81-88A8-43AB-9CD3-89AAA7B267B2}.Debug|Any CPU.Build.0 = Debug|Any CPU
		{E9501C81-88A8-43AB-9CD3-89AAA7B267B2}.Release|Any CPU.ActiveCfg = Release|Any CPU
		{E9501C81-88A8-43AB-9CD3-89AAA7B267B2}.Release|Any CPU.Build.0 = Release|Any CPU
	EndGlobalSection
	GlobalSection(SolutionProperties) = preSolution
		HideSolutionNode = FALSE
	EndGlobalSection
	GlobalSection(ExtensibilityGlobals) = postSolution
		SolutionGuid = {C805C374-3CE5-4D5E-936D-02921DF2DF26}
	EndGlobalSection
EndGlobal
